
Microsoft Visual Studio Solution File, Format Version 12.00
# Visual Studio Version 17
VisualStudioVersion = 17.11.35303.130
MinimumVisualStudioVersion = 10.0.40219.1
Project("{FAE04EC0-301F-11D3-BF4B-00C04F79EFBC}") = "EPOS", "EPOS\EPOS.csproj", "{3BFC2074-C306-435F-B4FF-77A25540827E}"
EndProject
Global
	GlobalSection(SolutionConfigurationPlatforms) = preSolution
		Debug|Any CPU = Debug|Any CPU
		Release|Any CPU = Release|Any CPU
	EndGlobalSection
	GlobalSection(ProjectConfigurationPlatforms) = postSolution
		{3BFC2074-C306-435F-B4FF-77A25540827E}.Debug|Any CPU.ActiveCfg = Debug|Any CPU
		{3BFC2074-C306-435F-B4FF-77A25540827E}.Debug|Any CPU.Build.0 = Debug|Any CPU
		{3BFC2074-C306-435F-B4FF-77A25540827E}.Release|Any CPU.ActiveCfg = Release|Any CPU
		{3BFC2074-C306-435F-B4FF-77A25540827E}.Release|Any CPU.Build.0 = Release|Any CPU
	EndGlobalSection
	GlobalSection(SolutionProperties) = preSolution
		HideSolutionNode = FALSE
	EndGlobalSection
	GlobalSection(ExtensibilityGlobals) = postSolution
		SolutionGuid = {DC0AC370-4949-4E62-82A6-58181AD3843F}
	EndGlobalSection
EndGlobal
